packages:
  apb:
    revision: 56ca84b687c9f6dc650e2a7cb221cb2bd4b2a456
    version: 0.2.3
    source:
      Git: https://github.com/pulp-platform/apb.git
    dependencies:
    - common_cells
  apb_adv_timer:
    revision: c8faec1e1755386d0e0f31a55ebd80612a3dcea9
    version: 1.0.4
    source:
      Git: https://github.com/pulp-platform/apb_adv_timer.git
    dependencies:
    - tech_cells_generic
  apb_uart:
    revision: 6c7dde3d749ac8274377745c105da8c8b8cd27c6
    version: 0.2.1
    source:
      Git: https://github.com/pulp-platform/apb_uart
    dependencies:
    - apb
    - register_interface
  axi:
    revision: 02307cf26de40c713212148abb947fef87babd61
    version: null
    source:
      Git: https://github.com/pulp-platform/axi.git
    dependencies:
    - common_cells
    - common_verification
    - tech_cells_generic
  axi2mem:
    revision: 6973e0434d26ba578cdb4aa69c26c1facd1a3f15
    version: null
    source:
      Git: https://github.com/pulp-platform/axi2mem.git
    dependencies:
    - axi_slice
    - common_cells
  axi2per:
    revision: a99ef2fac9f3b087671109a27c766f25e8e0f115
    version: 1.0.1
    source:
      Git: https://github.com/pulp-platform/axi2per.git
    dependencies:
    - axi_slice
  axi_llc:
    revision: 559bcbd09a5a884dbe31e2d72fd95d024e357f39
    version: 0.2.1
    source:
      Git: https://github.com/pulp-platform/axi_llc
    dependencies:
    - axi
    - common_cells
    - common_verification
    - register_interface
    - tech_cells_generic
  axi_node:
    revision: e2d038004c5b8cec9dd3bb9d23ad0bee72f9d908
    version: 1.1.4
    source:
      Git: git@github.com:pulp-platform/axi_node.git
    dependencies:
    - axi
    - common_cells
  axi_obi:
    revision: 87bb718809fb5a20f8e5bad537fdf43aeef6db2a
    version: null
    source:
      Git: git@iis-git.ee.ethz.ch:carfield/axi_obi.git
    dependencies:
    - axi
    - common_cells
    - obi
  axi_riscv_atomics:
    revision: 97dcb14ef057cbe5bd70dda2060b5bb9e7e04c6d
    version: 0.7.0
    source:
      Git: https://github.com/pulp-platform/axi_riscv_atomics
    dependencies:
    - axi
    - common_cells
    - common_verification
  axi_slice:
    revision: a4f72bc21ac4d7da631e8309d9f8d0c34b735c23
    version: 1.1.4
    source:
      Git: https://github.com/pulp-platform/axi_slice.git
    dependencies:
    - common_cells
  axi_vga:
    revision: 07be187d1e954d8090031b32d236ad76dc62ce45
    version: 0.1.1
    source:
      Git: https://github.com/pulp-platform/axi_vga
    dependencies:
    - axi
    - common_cells
    - register_interface
  bus_err_unit:
    revision: 47a6436dc4b4b7f4a44f7786033b22c6d01530b2
    version: null
    source:
      Git: git@iis-git.ee.ethz.ch:carfield/bus_err_unit.git
    dependencies:
    - common_cells
    - register_interface
  can_bus:
    revision: 230222cc568b49b39a3385b12edaf680657bc69d
    version: 0.0.1
    source:
      Git: git@github.com:AlSaqr-platform/can_bus.git
    dependencies: []
  car_l2:
    revision: 4239b2a510d65aa110bcc8a070e434cabd1a8b9a
    version: null
    source:
      Git: git@iis-git.ee.ethz.ch:carfield/carfield_l2_mem.git
    dependencies:
    - axi
    - axi_riscv_atomics
    - common_cells
    - common_verification
    - redundancy_cells
    - register_interface
    - tech_cells_generic
  cheshire:
    revision: 3b773c80985294375421c8f8ad57c009c74b3d46
    version: null
    source:
      Git: https://github.com/pulp-platform/cheshire.git
    dependencies:
    - apb_uart
    - axi
    - axi_llc
    - axi_riscv_atomics
    - axi_vga
    - clic
    - clint
    - common_cells
    - common_verification
    - cva6
    - idma
    - irq_router
    - opentitan_peripherals
    - register_interface
    - riscv-dbg
    - serial_link
  clic:
    revision: bed98f88761ca86706c36c4c33ac600d88c42373
    version: null
    source:
      Git: https://github.com/pulp-platform/clic
    dependencies:
    - common_cells
    - register_interface
  clint:
    revision: e1357c1d0edddde458aec58363473605f51e539e
    version: 0.1.0
    source:
      Git: https://github.com/pulp-platform/clint
    dependencies:
    - common_cells
    - register_interface
  cluster_interconnect:
    revision: 89e1019d64a86425211be6200770576cbdf3e8b3
    version: null
    source:
      Git: https://github.com/pulp-platform/cluster_interconnect.git
    dependencies:
    - common_cells
  cluster_peripherals:
    revision: a596f17fc77713909bceb7eecf3ea2c3cdfe707c
    version: null
    source:
      Git: https://github.com/pulp-platform/cluster_peripherals.git
    dependencies:
    - hci
  common_cells:
    revision: 0989ff73d0315922791bf42137c0ce0cbb4a76ca
    version: 1.30.0
    source:
      Git: https://github.com/pulp-platform/common_cells.git
    dependencies:
    - common_verification
    - tech_cells_generic
  common_verification:
    revision: 9c07fa860593b2caabd9b5681740c25fac04b878
    version: 0.2.3
    source:
      Git: https://github.com/pulp-platform/common_verification
    dependencies: []
  cv32e40p:
    revision: 9b77611a1d0c681f4819798d95422b0b895528a2
    version: null
    source:
      Git: https://github.com/pulp-platform/cv32e40p.git
    dependencies:
    - common_cells
    - fpnew
    - tech_cells_generic
  cva6:
    revision: bf806ffa1385876ab70b28df488fafe7ea573a7f
    version: null
    source:
      Git: https://github.com/pulp-platform/cva6
    dependencies:
    - axi
    - common_cells
    - fpnew
    - tech_cells_generic
  event_unit_flex:
    revision: 53fb3a1093aaaedfe883739fd8a3155d601210bc
    version: null
    source:
      Git: https://github.com/pulp-platform/event_unit_flex.git
    dependencies:
    - common_cells
  fpnew:
    revision: f231041c610f270ffc03cbdac38739ddb6426572
    version: null
    source:
      Git: https://github.com/pulp-platform/cvfpu.git
    dependencies:
    - common_cells
    - fpu_div_sqrt_mvp
  fpu_div_sqrt_mvp:
    revision: 86e1f558b3c95e91577c41b2fc452c86b04e85ac
    version: 1.0.4
    source:
      Git: https://github.com/pulp-platform/fpu_div_sqrt_mvp.git
    dependencies:
    - common_cells
  fpu_interco:
    revision: 0769976fa51bdd820656a01161a4c46b88c59ac5
    version: null
    source:
      Git: https://github.com/pulp-platform/fpu_interco.git
    dependencies:
    - cv32e40p
    - fpnew
  hci:
    revision: b2e6f391aa6c10c03f45b693d80a0aaddecf169b
    version: null
    source:
      Git: https://github.com/pulp-platform/hci.git
    dependencies:
    - cluster_interconnect
    - hwpe-stream
    - l2_tcdm_hybrid_interco
  hier-icache:
    revision: a7e3f4e4c7fe607bcd6b9d94db77f612fd6ef6be
    version: null
    source:
      Git: https://github.com/pulp-platform/hier-icache.git
    dependencies:
    - axi_node
    - axi_slice
    - common_cells
    - icache-intc
    - scm
    - tech_cells_generic
  hwpe-ctrl:
    revision: 3d9b9bea7b98df24e6b235408364521a1a27d561
    version: 1.7.2
    source:
      Git: https://github.com/pulp-platform/hwpe-ctrl.git
    dependencies:
    - tech_cells_generic
  hwpe-stream:
    revision: ddc154424187dff42a8fcec946c768ceb13f13de
    version: 1.6.4
    source:
      Git: https://github.com/pulp-platform/hwpe-stream.git
    dependencies:
    - tech_cells_generic
  hyperbus:
    revision: 2adb7271438cdb96c19fbaf3e2a6bf89ffeee568
    version: null
    source:
      Git: https://github.com/pulp-platform/hyperbus.git
    dependencies:
    - axi
    - common_cells
    - register_interface
    - tech_cells_generic
  ibex:
    revision: 95b85ddd1c995ace9f89ee42530f9e24820c1051
    version: null
    source:
      Git: https://github.com/lowRISC/ibex.git
    dependencies:
    - tech_cells_generic
  icache-intc:
    revision: 663c3b6d3c2bf63ff25cda46f33c799c647b3985
    version: 1.0.1
    source:
      Git: git@github.com:pulp-platform/icache-intc.git
    dependencies: []
  idma:
    revision: 437ffa9dac5dea0daccfd3e8ae604d4f6ae2cdf1
    version: null
    source:
      Git: https://github.com/pulp-platform/idma.git
    dependencies:
    - axi
    - common_cells
    - common_verification
    - register_interface
  irq_router:
    revision: d1d31350b24f3965b3a51e1bc96c71eb34e94db3
    version: null
    source:
      Git: https://github.com/pulp-platform/irq_router
    dependencies:
    - axi
    - common_cells
    - register_interface
  l2_tcdm_hybrid_interco:
    revision: fa55e72859dcfb117a2788a77352193bef94ff2b
    version: 1.0.0
    source:
      Git: https://github.com/pulp-platform/L2_tcdm_hybrid_interco.git
    dependencies: []
  mailbox_unit:
    revision: aa169bd4a4e1d736ce67a8ad08b5ddd922f06e60
    version: 1.1.0
    source:
      Git: git@github.com:pulp-platform/mailbox_unit.git
    dependencies:
    - axi
    - common_cells
    - register_interface
  mchan:
    revision: 7f064f205a3e0203e959b14773c4afecf56681ab
    version: null
    source:
      Git: https://github.com/pulp-platform/mchan.git
    dependencies:
    - common_cells
  obi:
    revision: c54a7374bce9f4239c07f950ced339af926b5ff8
    version: null
    source:
      Git: https://github.com/pulp-platform/obi.git
    dependencies:
    - common_cells
    - common_verification
  opentitan:
    revision: 5ce64a6225e971c1e00ece29aa485f23a31aa7b2
    version: null
    source:
      Git: https://github.com/alsaqr-platform/opentitan.git
    dependencies:
    - axi
  opentitan_peripherals:
    revision: cd3153de2783abd3d03d0595e6c4b32413c62f14
    version: 0.4.0
    source:
      Git: https://github.com/pulp-platform/opentitan_peripherals
    dependencies:
    - common_cells
    - register_interface
    - tech_cells_generic
  per2axi:
    revision: 892fcad60b6374fe558cbde76f4a529d473ba5ca
    version: 1.0.4
    source:
      Git: https://github.com/pulp-platform/per2axi.git
    dependencies:
    - axi_slice
  pulp_cluster:
    revision: a746000f9dc9965e1351186905b59bca36edef57
    version: null
    source:
      Git: https://github.com/pulp-platform/pulp_cluster.git
    dependencies:
    - axi
    - axi2mem
    - axi2per
    - axi_slice
    - cluster_interconnect
    - cluster_peripherals
    - common_cells
    - cv32e40p
    - event_unit_flex
    - fpu_interco
    - hci
    - hier-icache
    - ibex
    - idma
    - mchan
    - per2axi
    - redmule
    - redundancy_cells
    - register_interface
    - riscv
    - scm
    - tech_cells_generic
    - timer_unit
  redmule:
    revision: 3797413e5f190c2a86185ab6d8b12af365051b1e
    version: null
    source:
      Git: https://github.com/pulp-platform/redmule.git
    dependencies:
    - common_cells
    - cv32e40p
    - fpnew
    - hci
    - hwpe-ctrl
    - hwpe-stream
    - tech_cells_generic
  redundancy_cells:
    revision: 6e10650b50c7b40f7f81602acf61526330c4d69d
    version: null
    source:
      Git: https://github.com/pulp-platform/redundancy_cells.git
    dependencies:
    - common_cells
    - common_verification
    - register_interface
    - tech_cells_generic
  register_interface:
    revision: 2bb08879bc2ceabe2b6a0dc283753048a739e27b
    version: null
    source:
      Git: https://github.com/pulp-platform/register_interface.git
    dependencies:
    - apb
    - axi
    - common_cells
    - common_verification
  riscv:
    revision: 4eac53237c6d0062715d17016fe95462eb81ebc3
    version: null
    source:
      Git: git@github.com:AlSaqr-platform/riscv_nn.git
    dependencies:
    - fpnew
    - tech_cells_generic
  riscv-dbg:
    revision: 138d74bcaa90c70180c12215db3776813d2a95f2
    version: 0.8.0
    source:
      Git: https://github.com/pulp-platform/riscv-dbg.git
    dependencies:
    - common_cells
    - tech_cells_generic
  safety_island:
    revision: 60e768a3ef29f47339e31674d497293f5a768893
    version: null
    source:
      Git: git@iis-git.ee.ethz.ch:carfield/safety-island.git
    dependencies:
    - apb
    - axi
    - axi_obi
    - bus_err_unit
    - clic
    - cluster_interconnect
    - common_cells
    - cv32e40p
    - fpnew
    - obi
    - redundancy_cells
    - register_interface
    - riscv-dbg
    - tech_cells_generic
    - timer_unit
  scm:
    revision: f7b51416f3c407e4c31e9c016616d57aae2687bd
    version: null
    source:
      Git: https://github.com/pulp-platform/scm.git
    dependencies:
    - tech_cells_generic
  serial_link:
    revision: f79be97dbd96707b822dd6c2ed7ca87b54bd4378
    version: 1.0.1
    source:
      Git: https://github.com/pulp-platform/serial_link
    dependencies:
    - axi
    - common_cells
    - register_interface
  spatz:
    revision: 05b01d6a0045496ad82d393355158e3b3438438e
    version: null
    source:
      Git: git@iis-git.ee.ethz.ch:spatz/spatz.git
    dependencies:
    - axi
    - axi_riscv_atomics
    - common_cells
    - fpnew
    - idma
    - register_interface
    - riscv-dbg
    - tech_cells_generic
  tech_cells_generic:
    revision: a9cae21902e75b1434328ecf36f85327ba5717de
    version: 0.2.11
    source:
      Git: https://github.com/pulp-platform/tech_cells_generic.git
    dependencies:
    - common_verification
  timer_unit:
    revision: 4c69615c89db9397a9747d6f6d6a36727854f0bc
    version: 1.0.3
    source:
      Git: https://github.com/pulp-platform/timer_unit.git
    dependencies: []
