packages:
  apb:
    revision: 77ddf073f194d44b9119949d2421be59789e69ae
    version: 0.2.4
    source:
      Git: https://github.com/pulp-platform/apb.git
    dependencies:
    - common_cells
  apb_adv_timer:
    revision: c8faec1e1755386d0e0f31a55ebd80612a3dcea9
    version: 1.0.4
    source:
      Git: https://github.com/pulp-platform/apb_adv_timer.git
    dependencies:
    - tech_cells_generic
  apb_uart:
    revision: 6c7dde3d749ac8274377745c105da8c8b8cd27c6
    version: 0.2.1
    source:
      Git: https://github.com/pulp-platform/apb_uart.git
    dependencies:
    - apb
    - register_interface
  axi:
    revision: fccffb5953ec8564218ba05e20adbedec845e014
    version: 0.39.1
    source:
      Git: https://github.com/pulp-platform/axi.git
    dependencies:
    - common_cells
    - common_verification
    - tech_cells_generic
  axi2mem:
    revision: 6973e0434d26ba578cdb4aa69c26c1facd1a3f15
    version: null
    source:
      Git: https://github.com/pulp-platform/axi2mem.git
    dependencies:
    - axi_slice
    - common_cells
  axi2per:
    revision: a99ef2fac9f3b087671109a27c766f25e8e0f115
    version: 1.0.1
    source:
      Git: https://github.com/pulp-platform/axi2per.git
    dependencies:
    - axi_slice
  axi_llc:
    revision: 7d7fc1349d4915a657de535a491bc26fbf0d2cfa
    version: null
    source:
      Git: https://github.com/pulp-platform/axi_llc
    dependencies:
    - axi
    - common_cells
    - common_verification
    - register_interface
    - tech_cells_generic
  axi_node:
    revision: e2d038004c5b8cec9dd3bb9d23ad0bee72f9d908
    version: 1.1.4
    source:
      Git: git@github.com:pulp-platform/axi_node.git
    dependencies:
    - axi
    - common_cells
  axi_obi:
    revision: null
    version: null
    source:
      Path: .bender/git/checkouts/safety_island-f408198401cf8b88/future/axi_obi
    dependencies:
    - axi
    - common_cells
    - obi
  axi_riscv_atomics:
    revision: 0ac3a78fe342c5a5b9b10bff49d58897f773059e
    version: 0.8.2
    source:
      Git: https://github.com/pulp-platform/axi_riscv_atomics.git
    dependencies:
    - axi
    - common_cells
    - common_verification
  axi_rt:
    revision: 2be9d4028cd3fd6617a0302a53212495a4c4e3fa
    version: 0.0.0-alpha.4
    source:
      Git: https://github.com/pulp-platform/axi_rt.git
    dependencies:
    - axi
    - common_cells
    - register_interface
  axi_slice:
    revision: a4f72bc21ac4d7da631e8309d9f8d0c34b735c23
    version: 1.1.4
    source:
      Git: https://github.com/pulp-platform/axi_slice.git
    dependencies:
    - common_cells
  axi_vga:
    revision: 07be187d1e954d8090031b32d236ad76dc62ce45
    version: 0.1.1
    source:
      Git: https://github.com/pulp-platform/axi_vga.git
    dependencies:
    - axi
    - common_cells
    - register_interface
  can_bus:
    revision: 0ec0bf8b7dab6d5e4b3f7ec58338a8efee066379
    version: null
    source:
      Git: git@github.com:AlSaqr-platform/can_bus.git
    dependencies: []
  cheshire:
    revision: 0c95210cf242c384fafe3019e84b8974c3ff1e92
    version: null
    source:
      Git: https://github.com/pulp-platform/cheshire.git
    dependencies:
    - apb_uart
    - axi
    - axi_llc
    - axi_riscv_atomics
    - axi_rt
    - axi_vga
    - clic
    - clint
    - common_cells
    - common_verification
    - cva6
    - idma
    - irq_router
    - opentitan_peripherals
    - register_interface
    - riscv-dbg
    - serial_link
    - tagger
    - unbent
  clic:
    revision: 0ff9f07e0a492bff046dfe24399b1e1e82d557b7
    version: 3.0.0-for-carfield
    source:
      Git: https://github.com/pulp-platform/clic.git
    dependencies:
    - common_cells
    - register_interface
  clint:
    revision: d5390a805c20f9226758a152ba1645f61da73349
    version: 0.2.0
    source:
      Git: https://github.com/pulp-platform/clint.git
    dependencies:
    - common_cells
    - register_interface
  cluster_icache:
    revision: 64e21ae455bbdde850c4df13bef86ea55ac42537
    version: 0.2.0
    source:
      Git: https://github.com/pulp-platform/cluster_icache.git
    dependencies:
    - axi
    - common_cells
    - scm
    - tech_cells_generic
  cluster_interconnect:
    revision: 89e1019d64a86425211be6200770576cbdf3e8b3
    version: null
    source:
      Git: https://github.com/pulp-platform/cluster_interconnect.git
    dependencies:
    - common_cells
  cluster_peripherals:
    revision: c015839816938a790c8da5fd5829cfc536f1ca9c
    version: null
    source:
      Git: https://github.com/pulp-platform/cluster_peripherals.git
    dependencies:
    - hci
  common_cells:
    revision: 2bd027cb87eaa9bf7d17196ec5f69864b35b630f
    version: 1.32.0
    source:
      Git: https://github.com/pulp-platform/common_cells.git
    dependencies:
    - common_verification
    - tech_cells_generic
  common_verification:
    revision: 9c07fa860593b2caabd9b5681740c25fac04b878
    version: 0.2.3
    source:
      Git: https://github.com/pulp-platform/common_verification.git
    dependencies: []
  cv32e40p:
    revision: e863f576699815b38cc9d80dbdede8ed5efd5991
    version: null
    source:
      Git: https://github.com/pulp-platform/cv32e40p.git
    dependencies:
    - common_cells
    - fpnew
    - tech_cells_generic
  cva6:
    revision: ec242579ea25a1f6bef7235591814dd1e475f90c
    version: null
    source:
      Git: https://github.com/pulp-platform/cva6.git
    dependencies:
    - axi
    - common_cells
    - fpnew
    - tech_cells_generic
  dyn_mem:
    revision: 480590062742230dc9bd4050358a15b4747bdf34
    version: null
    source:
      Git: https://github.com/pulp-platform/dyn_spm.git
    dependencies:
    - axi
    - axi_riscv_atomics
    - common_cells
    - common_verification
    - redundancy_cells
    - register_interface
    - tech_cells_generic
  event_unit_flex:
    revision: 28e0499374117c7b0ef4c6ad81b60d7526af886f
    version: null
    source:
      Git: https://github.com/pulp-platform/event_unit_flex.git
    dependencies:
    - common_cells
  fpnew:
    revision: a8e0cba6dd50f357ece73c2c955d96efc3c6c315
    version: null
    source:
      Git: https://github.com/pulp-platform/cvfpu.git
    dependencies:
    - common_cells
    - fpu_div_sqrt_mvp
  fpu_div_sqrt_mvp:
    revision: 86e1f558b3c95e91577c41b2fc452c86b04e85ac
    version: 1.0.4
    source:
      Git: https://github.com/pulp-platform/fpu_div_sqrt_mvp.git
    dependencies:
    - common_cells
  hci:
    revision: b2e6f391aa6c10c03f45b693d80a0aaddecf169b
    version: null
    source:
      Git: https://github.com/pulp-platform/hci.git
    dependencies:
    - cluster_interconnect
    - hwpe-stream
    - l2_tcdm_hybrid_interco
  hier-icache:
    revision: a971e364bf8090cf77fafad995b480c1ac7ea4e0
    version: null
    source:
      Git: https://github.com/pulp-platform/hier-icache.git
    dependencies:
    - axi_node
    - axi_slice
    - common_cells
    - icache-intc
    - scm
    - tech_cells_generic
  hwpe-ctrl:
    revision: b7857919ea14b586901ff4282ad7749a3d50501e
    version: null
    source:
      Git: https://github.com/pulp-platform/hwpe-ctrl.git
    dependencies:
    - tech_cells_generic
  hwpe-stream:
    revision: ddc154424187dff42a8fcec946c768ceb13f13de
    version: 1.6.4
    source:
      Git: https://github.com/pulp-platform/hwpe-stream.git
    dependencies:
    - tech_cells_generic
  hyperbus:
    revision: 2a14bd8f9a985b488ee23d240764f52f129f7729
    version: 0.0.9
    source:
      Git: https://github.com/pulp-platform/hyperbus.git
    dependencies:
    - axi
    - common_cells
    - register_interface
    - tech_cells_generic
  ibex:
    revision: b18f7ef178ed07f5085051f96042c670a919fd5c
    version: null
    source:
      Git: https://github.com/pulp-platform/ibex.git
    dependencies:
    - tech_cells_generic
  icache-intc:
    revision: 663c3b6d3c2bf63ff25cda46f33c799c647b3985
    version: 1.0.1
    source:
      Git: git@github.com:pulp-platform/icache-intc.git
    dependencies: []
  idma:
    revision: ca1b28816a3706be0bf9ce01378246d5346384f0
    version: 0.5.1
    source:
      Git: https://github.com/pulp-platform/idma.git
    dependencies:
    - axi
    - common_cells
    - common_verification
    - register_interface
  irq_router:
    revision: d1d31350b24f3965b3a51e1bc96c71eb34e94db3
    version: 0.0.1-beta.1
    source:
      Git: https://github.com/pulp-platform/irq_router.git
    dependencies:
    - axi
    - common_cells
    - register_interface
  l2_tcdm_hybrid_interco:
    revision: fa55e72859dcfb117a2788a77352193bef94ff2b
    version: 1.0.0
    source:
      Git: https://github.com/pulp-platform/L2_tcdm_hybrid_interco.git
    dependencies: []
  mailbox_unit:
    revision: aa169bd4a4e1d736ce67a8ad08b5ddd922f06e60
    version: 1.1.0
    source:
      Git: git@github.com:pulp-platform/mailbox_unit.git
    dependencies:
    - axi
    - common_cells
    - register_interface
  mchan:
    revision: 7f064f205a3e0203e959b14773c4afecf56681ab
    version: null
    source:
      Git: https://github.com/pulp-platform/mchan.git
    dependencies:
    - common_cells
  obi:
    revision: d04f1706ba5b7731bbc0a3a085e725e29fcc5b8e
    version: 0.1.1
    source:
      Git: https://github.com/pulp-platform/obi.git
    dependencies:
    - common_cells
    - common_verification
  opentitan:
    revision: 48595339c9bea8eddf7cc799bb74e6af5ec5d846
    version: null
    source:
      Git: https://github.com/pulp-platform/opentitan.git
    dependencies:
    - axi
  opentitan_peripherals:
    revision: cd3153de2783abd3d03d0595e6c4b32413c62f14
    version: 0.4.0
    source:
      Git: https://github.com/pulp-platform/opentitan_peripherals.git
    dependencies:
    - common_cells
    - register_interface
    - tech_cells_generic
  per2axi:
    revision: 892fcad60b6374fe558cbde76f4a529d473ba5ca
    version: 1.0.4
    source:
      Git: https://github.com/pulp-platform/per2axi.git
    dependencies:
    - axi_slice
  pulp-ethernet:
    revision: bdc8031ab270a49da28df269266ce9ab9a133636
    version: null
    source:
      Git: https://github.com/pulp-platform/pulp-ethernet.git
    dependencies:
    - axi
    - common_verification
  pulp_cluster:
    revision: 135d0883d82d58ac803725ef69b027c666df7115
    version: null
    source:
      Git: https://github.com/pulp-platform/pulp_cluster.git
    dependencies:
    - axi
    - axi2mem
    - axi2per
    - axi_slice
    - cluster_interconnect
    - cluster_peripherals
    - common_cells
    - cv32e40p
    - event_unit_flex
    - hci
    - hier-icache
    - ibex
    - idma
    - mchan
    - per2axi
    - redmule
    - redundancy_cells
    - register_interface
    - riscv
    - scm
    - tech_cells_generic
    - timer_unit
  redmule:
    revision: 0fe14edd77e9a35d3d220bd78bd6b41a0e5935ea
    version: null
    source:
      Git: https://github.com/pulp-platform/redmule.git
    dependencies:
    - common_cells
    - cv32e40p
    - fpnew
    - hci
    - hwpe-ctrl
    - hwpe-stream
    - tech_cells_generic
  redundancy_cells:
    revision: 5616a36f5e51d6f07f1c8bca15194077657e197d
    version: null
    source:
      Git: https://github.com/pulp-platform/redundancy_cells.git
    dependencies:
    - common_cells
    - common_verification
    - register_interface
    - tech_cells_generic
  register_interface:
    revision: d7693be4aef1fc7e7eb2b00b41c42e87d959866c
    version: 0.4.2
    source:
      Git: https://github.com/pulp-platform/register_interface.git
    dependencies:
    - apb
    - axi
    - common_cells
    - common_verification
  riscv:
    revision: a1dcae35edae6092ddbf92c424690cb903b678d5
    version: null
    source:
      Git: git@github.com:AlSaqr-platform/riscv_nn.git
    dependencies:
    - fpnew
    - tech_cells_generic
  riscv-dbg:
    revision: 138d74bcaa90c70180c12215db3776813d2a95f2
    version: 0.8.0
    source:
      Git: https://github.com/pulp-platform/riscv-dbg.git
    dependencies:
    - common_cells
    - tech_cells_generic
  safety_island:
    revision: aaef55c798ab53560faaf451a86668fa1e6d0f3b
    version: null
    source:
      Git: https://github.com/pulp-platform/safety_island.git
    dependencies:
    - apb
    - axi
    - axi_obi
    - axi_riscv_atomics
    - clic
    - common_cells
    - cv32e40p
    - fpnew
    - obi
    - redundancy_cells
    - register_interface
    - riscv-dbg
    - tech_cells_generic
    - timer_unit
    - unbent
  scm:
    revision: 74426dee36f28ae1c02f7635cf844a0156145320
    version: null
    source:
      Git: https://github.com/pulp-platform/scm.git
    dependencies:
    - tech_cells_generic
  serial_link:
    revision: 4024f01b1d67cdf1cf9486467d0f2e2f407aa372
    version: null
    source:
      Git: https://github.com/pulp-platform/serial_link.git
    dependencies:
    - axi
    - common_cells
    - register_interface
  spatz:
    revision: b8fea8f2386f837a0854ad4e84f25b70a3a430e0
    version: null
    source:
      Git: https://github.com/pulp-platform/spatz.git
    dependencies:
    - axi
    - axi_riscv_atomics
    - cluster_icache
    - common_cells
    - fpnew
    - idma
    - register_interface
    - riscv-dbg
    - tech_cells_generic
  tagger:
    revision: b288376b65b6bbd5feea196bb3c220f783d96e29
    version: null
    source:
      Git: https://github.com/pulp-platform/transaction-tagger.git
    dependencies:
    - axi
    - common_cells
    - common_verification
    - register_interface
    - tech_cells_generic
  tech_cells_generic:
    revision: 7968dd6e6180df2c644636bc6d2908a49f2190cf
    version: 0.2.13
    source:
      Git: https://github.com/pulp-platform/tech_cells_generic.git
    dependencies:
    - common_verification
  timer_unit:
    revision: 4c69615c89db9397a9747d6f6d6a36727854f0bc
    version: 1.0.3
    source:
      Git: https://github.com/pulp-platform/timer_unit.git
    dependencies: []
  unbent:
    revision: e9c9d5cfb635f2d4668c816ce9235798cfecb297
    version: 0.1.6
    source:
      Git: https://github.com/pulp-platform/unbent.git
    dependencies:
    - axi
    - common_cells
    - register_interface
